// !$*UTF8*$!
{
	archiveVersion = 1;
	classes = {
	};
	objectVersion = 52;
	objects = {

/* Begin PBXBuildFile section */
		B842056325517332005B8EAA /* ChefV3WithoutFirebaseApp.swift in Sources */ = {isa = PBXBuildFile; fileRef = B842056225517332005B8EAA /* ChefV3WithoutFirebaseApp.swift */; };
		B842056525517332005B8EAA /* ContentView.swift in Sources */ = {isa = PBXBuildFile; fileRef = B842056425517332005B8EAA /* ContentView.swift */; };
		B842056725517333005B8EAA /* Assets.xcassets in Resources */ = {isa = PBXBuildFile; fileRef = B842056625517333005B8EAA /* Assets.xcassets */; };
		B842056A25517333005B8EAA /* Preview Assets.xcassets in Resources */ = {isa = PBXBuildFile; fileRef = B842056925517333005B8EAA /* Preview Assets.xcassets */; };
		B842057525517334005B8EAA /* ChefV3WithoutFirebaseTests.swift in Sources */ = {isa = PBXBuildFile; fileRef = B842057425517334005B8EAA /* ChefV3WithoutFirebaseTests.swift */; };
		B842058025517334005B8EAA /* ChefV3WithoutFirebaseUITests.swift in Sources */ = {isa = PBXBuildFile; fileRef = B842057F25517334005B8EAA /* ChefV3WithoutFirebaseUITests.swift */; };
		B842059225517361005B8EAA /* SDWebImageSwiftUI in Frameworks */ = {isa = PBXBuildFile; productRef = B842059125517361005B8EAA /* SDWebImageSwiftUI */; };
		B842059925517389005B8EAA /* Recipe.swift in Sources */ = {isa = PBXBuildFile; fileRef = B842059825517389005B8EAA /* Recipe.swift */; };
		B842059E255173A6005B8EAA /* RecipeListView.swift in Sources */ = {isa = PBXBuildFile; fileRef = B842059D255173A6005B8EAA /* RecipeListView.swift */; };
		B84205A3255173C1005B8EAA /* RecipeView.swift in Sources */ = {isa = PBXBuildFile; fileRef = B84205A2255173C1005B8EAA /* RecipeView.swift */; };
		B84205A8255173F3005B8EAA /* DirectionsView.swift in Sources */ = {isa = PBXBuildFile; fileRef = B84205A7255173F3005B8EAA /* DirectionsView.swift */; };
		B84205B025517402005B8EAA /* SubView.swift in Sources */ = {isa = PBXBuildFile; fileRef = B84205AF25517402005B8EAA /* SubView.swift */; };
		B84205B525517421005B8EAA /* PageControl.swift in Sources */ = {isa = PBXBuildFile; fileRef = B84205B425517421005B8EAA /* PageControl.swift */; };
		B84205BA25517433005B8EAA /* PageViewController.swift in Sources */ = {isa = PBXBuildFile; fileRef = B84205B925517433005B8EAA /* PageViewController.swift */; };
/* End PBXBuildFile section */

/* Begin PBXContainerItemProxy section */
		B842057125517334005B8EAA /* PBXContainerItemProxy */ = {
			isa = PBXContainerItemProxy;
			containerPortal = B842055725517332005B8EAA /* Project object */;
			proxyType = 1;
			remoteGlobalIDString = B842055E25517332005B8EAA;
			remoteInfo = ChefV3WithoutFirebase;
		};
		B842057C25517334005B8EAA /* PBXContainerItemProxy */ = {
			isa = PBXContainerItemProxy;
			containerPortal = B842055725517332005B8EAA /* Project object */;
			proxyType = 1;
			remoteGlobalIDString = B842055E25517332005B8EAA;
			remoteInfo = ChefV3WithoutFirebase;
		};
/* End PBXContainerItemProxy section */

/* Begin PBXFileReference section */
		B842055F25517332005B8EAA /* ChefV3WithoutFirebase.app */ = {isa = PBXFileReference; explicitFileType = wrapper.application; includeInIndex = 0; path = ChefV3WithoutFirebase.app; sourceTree = BUILT_PRODUCTS_DIR; };
		B842056225517332005B8EAA /* ChefV3WithoutFirebaseApp.swift */ = {isa = PBXFileReference; lastKnownFileType = sourcecode.swift; path = ChefV3WithoutFirebaseApp.swift; sourceTree = "<group>"; };
		B842056425517332005B8EAA /* ContentView.swift */ = {isa = PBXFileReference; lastKnownFileType = sourcecode.swift; path = ContentView.swift; sourceTree = "<group>"; };
		B842056625517333005B8EAA /* Assets.xcassets */ = {isa = PBXFileReference; lastKnownFileType = folder.assetcatalog; path = Assets.xcassets; sourceTree = "<group>"; };
		B842056925517333005B8EAA /* Preview Assets.xcassets */ = {isa = PBXFileReference; lastKnownFileType = folder.assetcatalog; path = "Preview Assets.xcassets"; sourceTree = "<group>"; };
		B842056B25517333005B8EAA /* Info.plist */ = {isa = PBXFileReference; lastKnownFileType = text.plist.xml; path = Info.plist; sourceTree = "<group>"; };
		B842057025517334005B8EAA /* ChefV3WithoutFirebaseTests.xctest */ = {isa = PBXFileReference; explicitFileType = wrapper.cfbundle; includeInIndex = 0; path = ChefV3WithoutFirebaseTests.xctest; sourceTree = BUILT_PRODUCTS_DIR; };
		B842057425517334005B8EAA /* ChefV3WithoutFirebaseTests.swift */ = {isa = PBXFileReference; lastKnownFileType = sourcecode.swift; path = ChefV3WithoutFirebaseTests.swift; sourceTree = "<group>"; };
		B842057625517334005B8EAA /* Info.plist */ = {isa = PBXFileReference; lastKnownFileType = text.plist.xml; path = Info.plist; sourceTree = "<group>"; };
		B842057B25517334005B8EAA /* ChefV3WithoutFirebaseUITests.xctest */ = {isa = PBXFileReference; explicitFileType = wrapper.cfbundle; includeInIndex = 0; path = ChefV3WithoutFirebaseUITests.xctest; sourceTree = BUILT_PRODUCTS_DIR; };
		B842057F25517334005B8EAA /* ChefV3WithoutFirebaseUITests.swift */ = {isa = PBXFileReference; lastKnownFileType = sourcecode.swift; path = ChefV3WithoutFirebaseUITests.swift; sourceTree = "<group>"; };
		B842058125517334005B8EAA /* Info.plist */ = {isa = PBXFileReference; lastKnownFileType = text.plist.xml; path = Info.plist; sourceTree = "<group>"; };
		B842059825517389005B8EAA /* Recipe.swift */ = {isa = PBXFileReference; lastKnownFileType = sourcecode.swift; path = Recipe.swift; sourceTree = "<group>"; };
		B842059D255173A6005B8EAA /* RecipeListView.swift */ = {isa = PBXFileReference; lastKnownFileType = sourcecode.swift; path = RecipeListView.swift; sourceTree = "<group>"; };
		B84205A2255173C1005B8EAA /* RecipeView.swift */ = {isa = PBXFileReference; lastKnownFileType = sourcecode.swift; path = RecipeView.swift; sourceTree = "<group>"; };
		B84205A7255173F3005B8EAA /* DirectionsView.swift */ = {isa = PBXFileReference; lastKnownFileType = sourcecode.swift; path = DirectionsView.swift; sourceTree = "<group>"; };
		B84205AF25517402005B8EAA /* SubView.swift */ = {isa = PBXFileReference; lastKnownFileType = sourcecode.swift; path = SubView.swift; sourceTree = "<group>"; };
		B84205B425517421005B8EAA /* PageControl.swift */ = {isa = PBXFileReference; lastKnownFileType = sourcecode.swift; path = PageControl.swift; sourceTree = "<group>"; };
		B84205B925517433005B8EAA /* PageViewController.swift */ = {isa = PBXFileReference; lastKnownFileType = sourcecode.swift; path = PageViewController.swift; sourceTree = "<group>"; };
/* End PBXFileReference section */

/* Begin PBXFrameworksBuildPhase section */
		B842055C25517332005B8EAA /* Frameworks */ = {
			isa = PBXFrameworksBuildPhase;
			buildActionMask = 2147483647;
			files = (
				B842059225517361005B8EAA /* SDWebImageSwiftUI in Frameworks */,
			);
			runOnlyForDeploymentPostprocessing = 0;
		};
		B842056D25517334005B8EAA /* Frameworks */ = {
			isa = PBXFrameworksBuildPhase;
			buildActionMask = 2147483647;
			files = (
			);
			runOnlyForDeploymentPostprocessing = 0;
		};
		B842057825517334005B8EAA /* Frameworks */ = {
			isa = PBXFrameworksBuildPhase;
			buildActionMask = 2147483647;
			files = (
			);
			runOnlyForDeploymentPostprocessing = 0;
		};
/* End PBXFrameworksBuildPhase section */

/* Begin PBXGroup section */
		B842055625517332005B8EAA = {
			isa = PBXGroup;
			children = (
				B842056125517332005B8EAA /* ChefV3WithoutFirebase */,
				B842057325517334005B8EAA /* ChefV3WithoutFirebaseTests */,
				B842057E25517334005B8EAA /* ChefV3WithoutFirebaseUITests */,
				B842056025517332005B8EAA /* Products */,
			);
			sourceTree = "<group>";
		};
		B842056025517332005B8EAA /* Products */ = {
			isa = PBXGroup;
			children = (
				B842055F25517332005B8EAA /* ChefV3WithoutFirebase.app */,
				B842057025517334005B8EAA /* ChefV3WithoutFirebaseTests.xctest */,
				B842057B25517334005B8EAA /* ChefV3WithoutFirebaseUITests.xctest */,
			);
			name = Products;
			sourceTree = "<group>";
		};
		B842056125517332005B8EAA /* ChefV3WithoutFirebase */ = {
			isa = PBXGroup;
			children = (
				B842056225517332005B8EAA /* ChefV3WithoutFirebaseApp.swift */,
				B842056425517332005B8EAA /* ContentView.swift */,
				B842059625517374005B8EAA /* Model */,
				B84205972551737B005B8EAA /* Views */,
				B84205B425517421005B8EAA /* PageControl.swift */,
				B84205B925517433005B8EAA /* PageViewController.swift */,
				B842056625517333005B8EAA /* Assets.xcassets */,
				B842056B25517333005B8EAA /* Info.plist */,
				B842056825517333005B8EAA /* Preview Content */,
			);
			path = ChefV3WithoutFirebase;
			sourceTree = "<group>";
		};
		B842056825517333005B8EAA /* Preview Content */ = {
			isa = PBXGroup;
			children = (
				B842056925517333005B8EAA /* Preview Assets.xcassets */,
			);
			path = "Preview Content";
			sourceTree = "<group>";
		};
		B842057325517334005B8EAA /* ChefV3WithoutFirebaseTests */ = {
			isa = PBXGroup;
			children = (
				B842057425517334005B8EAA /* ChefV3WithoutFirebaseTests.swift */,
				B842057625517334005B8EAA /* Info.plist */,
			);
			path = ChefV3WithoutFirebaseTests;
			sourceTree = "<group>";
		};
		B842057E25517334005B8EAA /* ChefV3WithoutFirebaseUITests */ = {
			isa = PBXGroup;
			children = (
				B842057F25517334005B8EAA /* ChefV3WithoutFirebaseUITests.swift */,
				B842058125517334005B8EAA /* Info.plist */,
			);
			path = ChefV3WithoutFirebaseUITests;
			sourceTree = "<group>";
		};
		B842059625517374005B8EAA /* Model */ = {
			isa = PBXGroup;
			children = (
				B842059825517389005B8EAA /* Recipe.swift */,
			);
			path = Model;
			sourceTree = "<group>";
		};
		B84205972551737B005B8EAA /* Views */ = {
			isa = PBXGroup;
			children = (
				B842059D255173A6005B8EAA /* RecipeListView.swift */,
				B84205A2255173C1005B8EAA /* RecipeView.swift */,
				B84205A7255173F3005B8EAA /* DirectionsView.swift */,
				B84205AF25517402005B8EAA /* SubView.swift */,
			);
			path = Views;
			sourceTree = "<group>";
		};
/* End PBXGroup section */

/* Begin PBXNativeTarget section */
		B842055E25517332005B8EAA /* ChefV3WithoutFirebase */ = {
			isa = PBXNativeTarget;
			buildConfigurationList = B842058425517334005B8EAA /* Build configuration list for PBXNativeTarget "ChefV3WithoutFirebase" */;
			buildPhases = (
				B842055B25517332005B8EAA /* Sources */,
				B842055C25517332005B8EAA /* Frameworks */,
				B842055D25517332005B8EAA /* Resources */,
			);
			buildRules = (
			);
			dependencies = (
			);
			name = ChefV3WithoutFirebase;
			packageProductDependencies = (
				B842059125517361005B8EAA /* SDWebImageSwiftUI */,
			);
			productName = ChefV3WithoutFirebase;
			productReference = B842055F25517332005B8EAA /* ChefV3WithoutFirebase.app */;
			productType = "com.apple.product-type.application";
		};
		B842056F25517334005B8EAA /* ChefV3WithoutFirebaseTests */ = {
			isa = PBXNativeTarget;
			buildConfigurationList = B842058725517334005B8EAA /* Build configuration list for PBXNativeTarget "ChefV3WithoutFirebaseTests" */;
			buildPhases = (
				B842056C25517334005B8EAA /* Sources */,
				B842056D25517334005B8EAA /* Frameworks */,
				B842056E25517334005B8EAA /* Resources */,
			);
			buildRules = (
			);
			dependencies = (
				B842057225517334005B8EAA /* PBXTargetDependency */,
			);
			name = ChefV3WithoutFirebaseTests;
			productName = ChefV3WithoutFirebaseTests;
			productReference = B842057025517334005B8EAA /* ChefV3WithoutFirebaseTests.xctest */;
			productType = "com.apple.product-type.bundle.unit-test";
		};
		B842057A25517334005B8EAA /* ChefV3WithoutFirebaseUITests */ = {
			isa = PBXNativeTarget;
			buildConfigurationList = B842058A25517334005B8EAA /* Build configuration list for PBXNativeTarget "ChefV3WithoutFirebaseUITests" */;
			buildPhases = (
				B842057725517334005B8EAA /* Sources */,
				B842057825517334005B8EAA /* Frameworks */,
				B842057925517334005B8EAA /* Resources */,
			);
			buildRules = (
			);
			dependencies = (
				B842057D25517334005B8EAA /* PBXTargetDependency */,
			);
			name = ChefV3WithoutFirebaseUITests;
			productName = ChefV3WithoutFirebaseUITests;
			productReference = B842057B25517334005B8EAA /* ChefV3WithoutFirebaseUITests.xctest */;
			productType = "com.apple.product-type.bundle.ui-testing";
		};
/* End PBXNativeTarget section */

/* Begin PBXProject section */
		B842055725517332005B8EAA /* Project object */ = {
			isa = PBXProject;
			attributes = {
				LastSwiftUpdateCheck = 1210;
				LastUpgradeCheck = 1210;
				TargetAttributes = {
					B842055E25517332005B8EAA = {
						CreatedOnToolsVersion = 12.1;
					};
					B842056F25517334005B8EAA = {
						CreatedOnToolsVersion = 12.1;
						TestTargetID = B842055E25517332005B8EAA;
					};
					B842057A25517334005B8EAA = {
						CreatedOnToolsVersion = 12.1;
						TestTargetID = B842055E25517332005B8EAA;
					};
				};
			};
			buildConfigurationList = B842055A25517332005B8EAA /* Build configuration list for PBXProject "ChefV3WithoutFirebase" */;
			compatibilityVersion = "Xcode 9.3";
			developmentRegion = en;
			hasScannedForEncodings = 0;
			knownRegions = (
				en,
				Base,
			);
			mainGroup = B842055625517332005B8EAA;
			packageReferences = (
				B842059025517361005B8EAA /* XCRemoteSwiftPackageReference "SDWebImageSwiftUI" */,
			);
			productRefGroup = B842056025517332005B8EAA /* Products */;
			projectDirPath = "";
			projectRoot = "";
			targets = (
				B842055E25517332005B8EAA /* ChefV3WithoutFirebase */,
				B842056F25517334005B8EAA /* ChefV3WithoutFirebaseTests */,
				B842057A25517334005B8EAA /* ChefV3WithoutFirebaseUITests */,
			);
		};
/* End PBXProject section */

/* Begin PBXResourcesBuildPhase section */
		B842055D25517332005B8EAA /* Resources */ = {
			isa = PBXResourcesBuildPhase;
			buildActionMask = 2147483647;
			files = (
				B842056A25517333005B8EAA /* Preview Assets.xcassets in Resources */,
				B842056725517333005B8EAA /* Assets.xcassets in Resources */,
			);
			runOnlyForDeploymentPostprocessing = 0;
		};
		B842056E25517334005B8EAA /* Resources */ = {
			isa = PBXResourcesBuildPhase;
			buildActionMask = 2147483647;
			files = (
			);
			runOnlyForDeploymentPostprocessing = 0;
		};
		B842057925517334005B8EAA /* Resources */ = {
			isa = PBXResourcesBuildPhase;
			buildActionMask = 2147483647;
			files = (
			);
			runOnlyForDeploymentPostprocessing = 0;
		};
/* End PBXResourcesBuildPhase section */

/* Begin PBXSourcesBuildPhase section */
		B842055B25517332005B8EAA /* Sources */ = {
			isa = PBXSourcesBuildPhase;
			buildActionMask = 2147483647;
			files = (
				B842059925517389005B8EAA /* Recipe.swift in Sources */,
				B842056525517332005B8EAA /* ContentView.swift in Sources */,
				B84205B525517421005B8EAA /* PageControl.swift in Sources */,
				B842059E255173A6005B8EAA /* RecipeListView.swift in Sources */,
				B842056325517332005B8EAA /* ChefV3WithoutFirebaseApp.swift in Sources */,
				B84205A8255173F3005B8EAA /* DirectionsView.swift in Sources */,
				B84205BA25517433005B8EAA /* PageViewController.swift in Sources */,
				B84205B025517402005B8EAA /* SubView.swift in Sources */,
				B84205A3255173C1005B8EAA /* RecipeView.swift in Sources */,
			);
			runOnlyForDeploymentPostprocessing = 0;
		};
		B842056C25517334005B8EAA /* Sources */ = {
			isa = PBXSourcesBuildPhase;
			buildActionMask = 2147483647;
			files = (
				B842057525517334005B8EAA /* ChefV3WithoutFirebaseTests.swift in Sources */,
			);
			runOnlyForDeploymentPostprocessing = 0;
		};
		B842057725517334005B8EAA /* Sources */ = {
			isa = PBXSourcesBuildPhase;
			buildActionMask = 2147483647;
			files = (
				B842058025517334005B8EAA /* ChefV3WithoutFirebaseUITests.swift in Sources */,
			);
			runOnlyForDeploymentPostprocessing = 0;
		};
/* End PBXSourcesBuildPhase section */

/* Begin PBXTargetDependency section */
		B842057225517334005B8EAA /* PBXTargetDependency */ = {
			isa = PBXTargetDependency;
			target = B842055E25517332005B8EAA /* ChefV3WithoutFirebase */;
			targetProxy = B842057125517334005B8EAA /* PBXContainerItemProxy */;
		};
		B842057D25517334005B8EAA /* PBXTargetDependency */ = {
			isa = PBXTargetDependency;
			target = B842055E25517332005B8EAA /* ChefV3WithoutFirebase */;
			targetProxy = B842057C25517334005B8EAA /* PBXContainerItemProxy */;
		};
/* End PBXTargetDependency section */

/* Begin XCBuildConfiguration section */
		B842058225517334005B8EAA /* Debug */ = {
			isa = XCBuildConfiguration;
			buildSettings = {
				ALWAYS_SEARCH_USER_PATHS = NO;
				CLANG_ANALYZER_NONNULL = YES;
				CLANG_ANALYZER_NUMBER_OBJECT_CONVERSION = YES_AGGRESSIVE;
				CLANG_CXX_LANGUAGE_STANDARD = "gnu++14";
				CLANG_CXX_LIBRARY = "libc++";
				CLANG_ENABLE_MODULES = YES;
				CLANG_ENABLE_OBJC_ARC = YES;
				CLANG_ENABLE_OBJC_WEAK = YES;
				CLANG_WARN_BLOCK_CAPTURE_AUTORELEASING = YES;
				CLANG_WARN_BOOL_CONVERSION = YES;
				CLANG_WARN_COMMA = YES;
				CLANG_WARN_CONSTANT_CONVERSION = YES;
				CLANG_WARN_DEPRECATED_OBJC_IMPLEMENTATIONS = YES;
				CLANG_WARN_DIRECT_OBJC_ISA_USAGE = YES_ERROR;
				CLANG_WARN_DOCUMENTATION_COMMENTS = YES;
				CLANG_WARN_EMPTY_BODY = YES;
				CLANG_WARN_ENUM_CONVERSION = YES;
				CLANG_WARN_INFINITE_RECURSION = YES;
				CLANG_WARN_INT_CONVERSION = YES;
				CLANG_WARN_NON_LITERAL_NULL_CONVERSION = YES;
				CLANG_WARN_OBJC_IMPLICIT_RETAIN_SELF = YES;
				CLANG_WARN_OBJC_LITERAL_CONVERSION = YES;
				CLANG_WARN_OBJC_ROOT_CLASS = YES_ERROR;
				CLANG_WARN_QUOTED_INCLUDE_IN_FRAMEWORK_HEADER = YES;
				CLANG_WARN_RANGE_LOOP_ANALYSIS = YES;
				CLANG_WARN_STRICT_PROTOTYPES = YES;
				CLANG_WARN_SUSPICIOUS_MOVE = YES;
				CLANG_WARN_UNGUARDED_AVAILABILITY = YES_AGGRESSIVE;
				CLANG_WARN_UNREACHABLE_CODE = YES;
				CLANG_WARN__DUPLICATE_METHOD_MATCH = YES;
				COPY_PHASE_STRIP = NO;
				DEBUG_INFORMATION_FORMAT = dwarf;
				ENABLE_STRICT_OBJC_MSGSEND = YES;
				ENABLE_TESTABILITY = YES;
				GCC_C_LANGUAGE_STANDARD = gnu11;
				GCC_DYNAMIC_NO_PIC = NO;
				GCC_NO_COMMON_BLOCKS = YES;
				GCC_OPTIMIZATION_LEVEL = 0;
				GCC_PREPROCESSOR_DEFINITIONS = (
					"DEBUG=1",
					"$(inherited)",
				);
				GCC_WARN_64_TO_32_BIT_CONVERSION = YES;
				GCC_WARN_ABOUT_RETURN_TYPE = YES_ERROR;
				GCC_WARN_UNDECLARED_SELECTOR = YES;
				GCC_WARN_UNINITIALIZED_AUTOS = YES_AGGRESSIVE;
				GCC_WARN_UNUSED_FUNCTION = YES;
				GCC_WARN_UNUSED_VARIABLE = YES;
				IPHONEOS_DEPLOYMENT_TARGET = 14.1;
				MTL_ENABLE_DEBUG_INFO = INCLUDE_SOURCE;
				MTL_FAST_MATH = YES;
				ONLY_ACTIVE_ARCH = YES;
				SDKROOT = iphoneos;
				SWIFT_ACTIVE_COMPILATION_CONDITIONS = DEBUG;
				SWIFT_OPTIMIZATION_LEVEL = "-Onone";
			};
			name = Debug;
		};
		B842058325517334005B8EAA /* Release */ = {
			isa = XCBuildConfiguration;
			buildSettings = {
				ALWAYS_SEARCH_USER_PATHS = NO;
				CLANG_ANALYZER_NONNULL = YES;
				CLANG_ANALYZER_NUMBER_OBJECT_CONVERSION = YES_AGGRESSIVE;
				CLANG_CXX_LANGUAGE_STANDARD = "gnu++14";
				CLANG_CXX_LIBRARY = "libc++";
				CLANG_ENABLE_MODULES = YES;
				CLANG_ENABLE_OBJC_ARC = YES;
				CLANG_ENABLE_OBJC_WEAK = YES;
				CLANG_WARN_BLOCK_CAPTURE_AUTORELEASING = YES;
				CLANG_WARN_BOOL_CONVERSION = YES;
				CLANG_WARN_COMMA = YES;
				CLANG_WARN_CONSTANT_CONVERSION = YES;
				CLANG_WARN_DEPRECATED_OBJC_IMPLEMENTATIONS = YES;
				CLANG_WARN_DIRECT_OBJC_ISA_USAGE = YES_ERROR;
				CLANG_WARN_DOCUMENTATION_COMMENTS = YES;
				CLANG_WARN_EMPTY_BODY = YES;
				CLANG_WARN_ENUM_CONVERSION = YES;
				CLANG_WARN_INFINITE_RECURSION = YES;
				CLANG_WARN_INT_CONVERSION = YES;
				CLANG_WARN_NON_LITERAL_NULL_CONVERSION = YES;
				CLANG_WARN_OBJC_IMPLICIT_RETAIN_SELF = YES;
				CLANG_WARN_OBJC_LITERAL_CONVERSION = YES;
				CLANG_WARN_OBJC_ROOT_CLASS = YES_ERROR;
				CLANG_WARN_QUOTED_INCLUDE_IN_FRAMEWORK_HEADER = YES;
				CLANG_WARN_RANGE_LOOP_ANALYSIS = YES;
				CLANG_WARN_STRICT_PROTOTYPES = YES;
				CLANG_WARN_SUSPICIOUS_MOVE = YES;
				CLANG_WARN_UNGUARDED_AVAILABILITY = YES_AGGRESSIVE;
				CLANG_WARN_UNREACHABLE_CODE = YES;
				CLANG_WARN__DUPLICATE_METHOD_MATCH = YES;
				COPY_PHASE_STRIP = NO;
				DEBUG_INFORMATION_FORMAT = "dwarf-with-dsym";
				ENABLE_NS_ASSERTIONS = NO;
				ENABLE_STRICT_OBJC_MSGSEND = YES;
				GCC_C_LANGUAGE_STANDARD = gnu11;
				GCC_NO_COMMON_BLOCKS = YES;
				GCC_WARN_64_TO_32_BIT_CONVERSION = YES;
				GCC_WARN_ABOUT_RETURN_TYPE = YES_ERROR;
				GCC_WARN_UNDECLARED_SELECTOR = YES;
				GCC_WARN_UNINITIALIZED_AUTOS = YES_AGGRESSIVE;
				GCC_WARN_UNUSED_FUNCTION = YES;
				GCC_WARN_UNUSED_VARIABLE = YES;
				IPHONEOS_DEPLOYMENT_TARGET = 14.1;
				MTL_ENABLE_DEBUG_INFO = NO;
				MTL_FAST_MATH = YES;
				SDKROOT = iphoneos;
				SWIFT_COMPILATION_MODE = wholemodule;
				SWIFT_OPTIMIZATION_LEVEL = "-O";
				VALIDATE_PRODUCT = YES;
			};
			name = Release;
		};
		B842058525517334005B8EAA /* Debug */ = {
			isa = XCBuildConfiguration;
			buildSettings = {
				ASSETCATALOG_COMPILER_APPICON_NAME = AppIcon;
				ASSETCATALOG_COMPILER_GLOBAL_ACCENT_COLOR_NAME = AccentColor;
				CODE_SIGN_STYLE = Automatic;
				DEVELOPMENT_ASSET_PATHS = "\"ChefV3WithoutFirebase/Preview Content\"";
				DEVELOPMENT_TEAM = HN65VPBR66;
				ENABLE_PREVIEWS = YES;
				INFOPLIST_FILE = ChefV3WithoutFirebase/Info.plist;
				IPHONEOS_DEPLOYMENT_TARGET = 14.0;
				LD_RUNPATH_SEARCH_PATHS = (
					"$(inherited)",
					"@executable_path/Frameworks",
				);
				PRODUCT_BUNDLE_IDENTIFIER = com.test.ChefV3WithoutFirebase;
				PRODUCT_NAME = "$(TARGET_NAME)";
				SWIFT_VERSION = 5.0;
				TARGETED_DEVICE_FAMILY = "1,2";
			};
			name = Debug;
		};
		B842058625517334005B8EAA /* Release */ = {
			isa = XCBuildConfiguration;
			buildSettings = {
				ASSETCATALOG_COMPILER_APPICON_NAME = AppIcon;
				ASSETCATALOG_COMPILER_GLOBAL_ACCENT_COLOR_NAME = AccentColor;
				CODE_SIGN_STYLE = Automatic;
				DEVELOPMENT_ASSET_PATHS = "\"ChefV3WithoutFirebase/Preview Content\"";
				DEVELOPMENT_TEAM = HN65VPBR66;
				ENABLE_PREVIEWS = YES;
				INFOPLIST_FILE = ChefV3WithoutFirebase/Info.plist;
				IPHONEOS_DEPLOYMENT_TARGET = 14.0;
				LD_RUNPATH_SEARCH_PATHS = (
					"$(inherited)",
					"@executable_path/Frameworks",
				);
				PRODUCT_BUNDLE_IDENTIFIER = com.test.ChefV3WithoutFirebase;
				PRODUCT_NAME = "$(TARGET_NAME)";
				SWIFT_VERSION = 5.0;
				TARGETED_DEVICE_FAMILY = "1,2";
			};
			name = Release;
		};
		B842058825517334005B8EAA /* Debug */ = {
			isa = XCBuildConfiguration;
			buildSettings = {
				ALWAYS_EMBED_SWIFT_STANDARD_LIBRARIES = YES;
				BUNDLE_LOADER = "$(TEST_HOST)";
				CODE_SIGN_STYLE = Automatic;
				DEVELOPMENT_TEAM = HN65VPBR66;
				INFOPLIST_FILE = ChefV3WithoutFirebaseTests/Info.plist;
				IPHONEOS_DEPLOYMENT_TARGET = 14.0;
				LD_RUNPATH_SEARCH_PATHS = (
					"$(inherited)",
					"@executable_path/Frameworks",
					"@loader_path/Frameworks",
				);
				PRODUCT_BUNDLE_IDENTIFIER = com.test.ChefV3WithoutFirebaseTests;
				PRODUCT_NAME = "$(TARGET_NAME)";
				SWIFT_VERSION = 5.0;
				TARGETED_DEVICE_FAMILY = "1,2";
				TEST_HOST = "$(BUILT_PRODUCTS_DIR)/ChefV3WithoutFirebase.app/ChefV3WithoutFirebase";
			};
			name = Debug;
		};
		B842058925517334005B8EAA /* Release */ = {
			isa = XCBuildConfiguration;
			buildSettings = {
				ALWAYS_EMBED_SWIFT_STANDARD_LIBRARIES = YES;
				BUNDLE_LOADER = "$(TEST_HOST)";
				CODE_SIGN_STYLE = Automatic;
				DEVELOPMENT_TEAM = HN65VPBR66;
				INFOPLIST_FILE = ChefV3WithoutFirebaseTests/Info.plist;
				IPHONEOS_DEPLOYMENT_TARGET = 14.0;
				LD_RUNPATH_SEARCH_PATHS = (
					"$(inherited)",
					"@executable_path/Frameworks",
					"@loader_path/Frameworks",
				);
				PRODUCT_BUNDLE_IDENTIFIER = com.test.ChefV3WithoutFirebaseTests;
				PRODUCT_NAME = "$(TARGET_NAME)";
				SWIFT_VERSION = 5.0;
				TARGETED_DEVICE_FAMILY = "1,2";
				TEST_HOST = "$(BUILT_PRODUCTS_DIR)/ChefV3WithoutFirebase.app/ChefV3WithoutFirebase";
			};
			name = Release;
		};
		B842058B25517334005B8EAA /* Debug */ = {
			isa = XCBuildConfiguration;
			buildSettings = {
				ALWAYS_EMBED_SWIFT_STANDARD_LIBRARIES = YES;
				CODE_SIGN_STYLE = Automatic;
				DEVELOPMENT_TEAM = HN65VPBR66;
				INFOPLIST_FILE = ChefV3WithoutFirebaseUITests/Info.plist;
				LD_RUNPATH_SEARCH_PATHS = (
					"$(inherited)",
					"@executable_path/Frameworks",
					"@loader_path/Frameworks",
				);
				PRODUCT_BUNDLE_IDENTIFIER = com.test.ChefV3WithoutFirebaseUITests;
				PRODUCT_NAME = "$(TARGET_NAME)";
				SWIFT_VERSION = 5.0;
				TARGETED_DEVICE_FAMILY = "1,2";
				TEST_TARGET_NAME = ChefV3WithoutFirebase;
			};
			name = Debug;
		};
		B842058C25517334005B8EAA /* Release */ = {
			isa = XCBuildConfiguration;
			buildSettings = {
				ALWAYS_EMBED_SWIFT_STANDARD_LIBRARIES = YES;
				CODE_SIGN_STYLE = Automatic;
				DEVELOPMENT_TEAM = HN65VPBR66;
				INFOPLIST_FILE = ChefV3WithoutFirebaseUITests/Info.plist;
				LD_RUNPATH_SEARCH_PATHS = (
					"$(inherited)",
					"@executable_path/Frameworks",
					"@loader_path/Frameworks",
				);
				PRODUCT_BUNDLE_IDENTIFIER = com.test.ChefV3WithoutFirebaseUITests;
				PRODUCT_NAME = "$(TARGET_NAME)";
				SWIFT_VERSION = 5.0;
				TARGETED_DEVICE_FAMILY = "1,2";
				TEST_TARGET_NAME = ChefV3WithoutFirebase;
			};
			name = Release;
		};
/* End XCBuildConfiguration section */

/* Begin XCConfigurationList section */
		B842055A25517332005B8EAA /* Build configuration list for PBXProject "ChefV3WithoutFirebase" */ = {
			isa = XCConfigurationList;
			buildConfigurations = (
				B842058225517334005B8EAA /* Debug */,
				B842058325517334005B8EAA /* Release */,
			);
			defaultConfigurationIsVisible = 0;
			defaultConfigurationName = Release;
		};
		B842058425517334005B8EAA /* Build configuration list for PBXNativeTarget "ChefV3WithoutFirebase" */ = {
			isa = XCConfigurationList;
			buildConfigurations = (
				B842058525517334005B8EAA /* Debug */,
				B842058625517334005B8EAA /* Release */,
			);
			defaultConfigurationIsVisible = 0;
			defaultConfigurationName = Release;
		};
		B842058725517334005B8EAA /* Build configuration list for PBXNativeTarget "ChefV3WithoutFirebaseTests" */ = {
			isa = XCConfigurationList;
			buildConfigurations = (
				B842058825517334005B8EAA /* Debug */,
				B842058925517334005B8EAA /* Release */,
			);
			defaultConfigurationIsVisible = 0;
			defaultConfigurationName = Release;
		};
		B842058A25517334005B8EAA /* Build configuration list for PBXNativeTarget "ChefV3WithoutFirebaseUITests" */ = {
			isa = XCConfigurationList;
			buildConfigurations = (
				B842058B25517334005B8EAA /* Debug */,
				B842058C25517334005B8EAA /* Release */,
			);
			defaultConfigurationIsVisible = 0;
			defaultConfigurationName = Release;
		};
/* End XCConfigurationList section */

/* Begin XCRemoteSwiftPackageReference section */
		B842059025517361005B8EAA /* XCRemoteSwiftPackageReference "SDWebImageSwiftUI" */ = {
			isa = XCRemoteSwiftPackageReference;
			repositoryURL = "https://github.com/SDWebImage/SDWebImageSwiftUI.git";
			requirement = {
				kind = upToNextMajorVersion;
				minimumVersion = 1.5.0;
			};
		};
/* End XCRemoteSwiftPackageReference section */

/* Begin XCSwiftPackageProductDependency section */
		B842059125517361005B8EAA /* SDWebImageSwiftUI */ = {
			isa = XCSwiftPackageProductDependency;
			package = B842059025517361005B8EAA /* XCRemoteSwiftPackageReference "SDWebImageSwiftUI" */;
			productName = SDWebImageSwiftUI;
		};
/* End XCSwiftPackageProductDependency section */
	};
	rootObject = B842055725517332005B8EAA /* Project object */;
}
